{
  "name": "bml-vscode",
  "version": "0.0.2",
  "lockfileVersion": 2,
  "requires": true,
  "packages": {
    "": {
      "name": "bml-vscode",
      "version": "0.0.2",
      "dependencies": {
        "bml": "0.0.22"
      },
      "engines": {
        "vscode": "^1.62.0"
      }
    },
    "node_modules/bml": {
      "version": "0.0.22",
      "resolved": "https://registry.npmjs.org/bml/-/bml-0.0.22.tgz",
      "integrity": "sha512-nCLf3hVgjL/zyam3iSvCZD8J85LcZn/vHAfzglBvtNi5wT2i9/2cTc5ie/iU97x9QgZI0poDBfG1vTtebKs4qA==",
      "dependencies": {
        "marked": "^0.3.19",
        "prismjs": "^1.25.0",
        "seedrandom": "2.4.4"
      },
      "bin": {
        "bml": "cli.js"
      }
    },
    "node_modules/marked": {
      "version": "0.3.19",
      "resolved": "https://registry.npmjs.org/marked/-/marked-0.3.19.tgz",
      "integrity": "sha512-ea2eGWOqNxPcXv8dyERdSr/6FmzvWwzjMxpfGB/sbMccXoct+xY+YukPD+QTUZwyvK7BZwcr4m21WBOW41pAkg==",
      "bin": {
        "marked": "bin/marked"
      },
      "engines": {
        "node": ">=0.10.0"
      }
    },
    "node_modules/prismjs": {
      "version": "1.25.0",
      "resolved": "https://registry.npmjs.org/prismjs/-/prismjs-1.25.0.tgz",
      "integrity": "sha512-WCjJHl1KEWbnkQom1+SzftbtXMKQoezOCYs5rECqMN+jP+apI7ftoflyqigqzopSO3hMhTEb0mFClA8lkolgEg=="
    },
    "node_modules/seedrandom": {
      "version": "2.4.4",
      "resolved": "https://registry.npmjs.org/seedrandom/-/seedrandom-2.4.4.tgz",
      "integrity": "sha512-9A+PDmgm+2du77B5i0Ip2cxOqqHjgNxnBgglxLcX78A2D6c2rTo61z4jnVABpF4cKeDMDG+cmXXvdnqse2VqMA=="
    }
  },
  "dependencies": {
    "bml": {
      "version": "0.0.22",
      "resolved": "https://registry.npmjs.org/bml/-/bml-0.0.22.tgz",
      "integrity": "sha512-nCLf3hVgjL/zyam3iSvCZD8J85LcZn/vHAfzglBvtNi5wT2i9/2cTc5ie/iU97x9QgZI0poDBfG1vTtebKs4qA==",
      "requires": {
        "marked": "^0.3.19",
        "prismjs": "^1.25.0",
        "seedrandom": "2.4.4"
      }
    },
    "marked": {
      "version": "0.3.19",
      "resolved": "https://registry.npmjs.org/marked/-/marked-0.3.19.tgz",
      "integrity": "sha512-ea2eGWOqNxPcXv8dyERdSr/6FmzvWwzjMxpfGB/sbMccXoct+xY+YukPD+QTUZwyvK7BZwcr4m21WBOW41pAkg=="
    },
    "prismjs": {
      "version": "1.25.0",
      "resolved": "https://registry.npmjs.org/prismjs/-/prismjs-1.25.0.tgz",
      "integrity": "sha512-WCjJHl1KEWbnkQom1+SzftbtXMKQoezOCYs5rECqMN+jP+apI7ftoflyqigqzopSO3hMhTEb0mFClA8lkolgEg=="
    },
    "seedrandom": {
      "version": "2.4.4",
      "resolved": "https://registry.npmjs.org/seedrandom/-/seedrandom-2.4.4.tgz",
      "integrity": "sha512-9A+PDmgm+2du77B5i0Ip2cxOqqHjgNxnBgglxLcX78A2D6c2rTo61z4jnVABpF4cKeDMDG+cmXXvdnqse2VqMA=="
    }
  }
}
