{
  "name": "bml-vscode",
  "version": "0.0.11",
  "lockfileVersion": 2,
  "requires": true,
  "packages": {
    "": {
      "name": "bml-vscode",
      "version": "0.0.11",
      "dependencies": {
        "bml": "0.0.35"
      },
      "engines": {
        "vscode": "^1.62.0"
      }
    },
    "node_modules/bml": {
      "version": "0.0.35",
      "resolved": "https://registry.npmjs.org/bml/-/bml-0.0.35.tgz",
      "integrity": "sha512-ZRkYA3nrzJOXL8POyjpqgj4NJPreYfjuOvvdIufqVFbWqK1zoRZMQGpzI1T75ONMgsq3nm1cBGll1gZ+GXnDOA==",
      "dependencies": {
        "seedrandom": "2.4.4"
      },
      "bin": {
        "bml": "dist/cli.js"
      }
    },
    "node_modules/seedrandom": {
      "version": "2.4.4",
      "resolved": "https://registry.npmjs.org/seedrandom/-/seedrandom-2.4.4.tgz",
      "integrity": "sha512-9A+PDmgm+2du77B5i0Ip2cxOqqHjgNxnBgglxLcX78A2D6c2rTo61z4jnVABpF4cKeDMDG+cmXXvdnqse2VqMA=="
    }
  },
  "dependencies": {
    "bml": {
      "version": "0.0.35",
      "resolved": "https://registry.npmjs.org/bml/-/bml-0.0.35.tgz",
      "integrity": "sha512-ZRkYA3nrzJOXL8POyjpqgj4NJPreYfjuOvvdIufqVFbWqK1zoRZMQGpzI1T75ONMgsq3nm1cBGll1gZ+GXnDOA==",
      "requires": {
        "seedrandom": "2.4.4"
      }
    },
    "seedrandom": {
      "version": "2.4.4",
      "resolved": "https://registry.npmjs.org/seedrandom/-/seedrandom-2.4.4.tgz",
      "integrity": "sha512-9A+PDmgm+2du77B5i0Ip2cxOqqHjgNxnBgglxLcX78A2D6c2rTo61z4jnVABpF4cKeDMDG+cmXXvdnqse2VqMA=="
    }
  }
}
