{
  "name": "bml-vscode",
  "version": "0.0.5",
  "lockfileVersion": 2,
  "requires": true,
  "packages": {
    "": {
      "name": "bml-vscode",
      "version": "0.0.5",
      "dependencies": {
        "bml": "0.0.30"
      },
      "engines": {
        "vscode": "^1.62.0"
      }
    },
    "node_modules/bml": {
      "version": "0.0.30",
      "resolved": "https://registry.npmjs.org/bml/-/bml-0.0.30.tgz",
      "integrity": "sha512-ffP1NO9f1L6jbUPdhh71+v1tEPFsdBXEZbhh1CIAauP0VdvZmrtNYzZHMusyJMoixydLAixLFYxm11ZwkB6Rqg==",
      "dependencies": {
        "marked": "0.3.19",
        "seedrandom": "2.4.4"
      },
      "bin": {
        "bml": "dist/cli.js"
      }
    },
    "node_modules/marked": {
      "version": "0.3.19",
      "resolved": "https://registry.npmjs.org/marked/-/marked-0.3.19.tgz",
      "integrity": "sha512-ea2eGWOqNxPcXv8dyERdSr/6FmzvWwzjMxpfGB/sbMccXoct+xY+YukPD+QTUZwyvK7BZwcr4m21WBOW41pAkg==",
      "bin": {
        "marked": "bin/marked"
      },
      "engines": {
        "node": ">=0.10.0"
      }
    },
    "node_modules/seedrandom": {
      "version": "2.4.4",
      "resolved": "https://registry.npmjs.org/seedrandom/-/seedrandom-2.4.4.tgz",
      "integrity": "sha512-9A+PDmgm+2du77B5i0Ip2cxOqqHjgNxnBgglxLcX78A2D6c2rTo61z4jnVABpF4cKeDMDG+cmXXvdnqse2VqMA=="
    }
  },
  "dependencies": {
    "bml": {
      "version": "0.0.30",
      "resolved": "https://registry.npmjs.org/bml/-/bml-0.0.30.tgz",
      "integrity": "sha512-ffP1NO9f1L6jbUPdhh71+v1tEPFsdBXEZbhh1CIAauP0VdvZmrtNYzZHMusyJMoixydLAixLFYxm11ZwkB6Rqg==",
      "requires": {
        "marked": "0.3.19",
        "seedrandom": "2.4.4"
      }
    },
    "marked": {
      "version": "0.3.19",
      "resolved": "https://registry.npmjs.org/marked/-/marked-0.3.19.tgz",
      "integrity": "sha512-ea2eGWOqNxPcXv8dyERdSr/6FmzvWwzjMxpfGB/sbMccXoct+xY+YukPD+QTUZwyvK7BZwcr4m21WBOW41pAkg=="
    },
    "seedrandom": {
      "version": "2.4.4",
      "resolved": "https://registry.npmjs.org/seedrandom/-/seedrandom-2.4.4.tgz",
      "integrity": "sha512-9A+PDmgm+2du77B5i0Ip2cxOqqHjgNxnBgglxLcX78A2D6c2rTo61z4jnVABpF4cKeDMDG+cmXXvdnqse2VqMA=="
    }
  }
}
